
Microsoft Visual Studio Solution File, Format Version 12.00
# Visual Studio Version 18
VisualStudioVersion = 18.4.11626.88 stable
MinimumVisualStudioVersion = 10.0.40219.1
Project("{FAE04EC0-301F-11D3-BF4B-00C04F79EFBC}") = "KeepCollectors", "KeepCollectors\KeepCollectors.csproj", "{CFADF7BB-8EE0-474A-892E-AC6E4677D7A2}"
EndProject
Project("{FAE04EC0-301F-11D3-BF4B-00C04F79EFBC}") = "DataAccessLayer", "DataAccessLibrary\DataAccessLayer.csproj", "{11C2BD2D-B1DA-4B41-AB9A-61CE0A18E84F}"
EndProject
Project("{FAE04EC0-301F-11D3-BF4B-00C04F79EFBC}") = "BusinessLogicLayer", "BusinessLogicLayer\BusinessLogicLayer.csproj", "{10A51A50-C1C7-4D20-9DC0-0B611A4F8943}"
EndProject
Global
	GlobalSection(SolutionConfigurationPlatforms) = preSolution
		Debug|Any CPU = Debug|Any CPU
		Release|Any CPU = Release|Any CPU
	EndGlobalSection
	GlobalSection(ProjectConfigurationPlatforms) = postSolution
		{CFADF7BB-8EE0-474A-892E-AC6E4677D7A2}.Debug|Any CPU.ActiveCfg = Debug|Any CPU
		{CFADF7BB-8EE0-474A-892E-AC6E4677D7A2}.Debug|Any CPU.Build.0 = Debug|Any CPU
		{CFADF7BB-8EE0-474A-892E-AC6E4677D7A2}.Release|Any CPU.ActiveCfg = Release|Any CPU
		{CFADF7BB-8EE0-474A-892E-AC6E4677D7A2}.Release|Any CPU.Build.0 = Release|Any CPU
		{11C2BD2D-B1DA-4B41-AB9A-61CE0A18E84F}.Debug|Any CPU.ActiveCfg = Debug|Any CPU
		{11C2BD2D-B1DA-4B41-AB9A-61CE0A18E84F}.Debug|Any CPU.Build.0 = Debug|Any CPU
		{11C2BD2D-B1DA-4B41-AB9A-61CE0A18E84F}.Release|Any CPU.ActiveCfg = Release|Any CPU
		{11C2BD2D-B1DA-4B41-AB9A-61CE0A18E84F}.Release|Any CPU.Build.0 = Release|Any CPU
		{10A51A50-C1C7-4D20-9DC0-0B611A4F8943}.Debug|Any CPU.ActiveCfg = Debug|Any CPU
		{10A51A50-C1C7-4D20-9DC0-0B611A4F8943}.Debug|Any CPU.Build.0 = Debug|Any CPU
		{10A51A50-C1C7-4D20-9DC0-0B611A4F8943}.Release|Any CPU.ActiveCfg = Release|Any CPU
		{10A51A50-C1C7-4D20-9DC0-0B611A4F8943}.Release|Any CPU.Build.0 = Release|Any CPU
	EndGlobalSection
	GlobalSection(SolutionProperties) = preSolution
		HideSolutionNode = FALSE
	EndGlobalSection
	GlobalSection(ExtensibilityGlobals) = postSolution
		SolutionGuid = {F6CDE8BE-2B43-49D3-AEC0-4461868BE9FD}
	EndGlobalSection
EndGlobal
